
Microsoft Visual Studio Solution File, Format Version 12.00
# Visual Studio Version 17
VisualStudioVersion = 17.3.32825.248
MinimumVisualStudioVersion = 10.0.40219.1
Project("{9A19103F-16F7-4668-BE54-9A1E7A4F7556}") = "ComputerHardwareStore.Website", "ComputerHardwareStore.Website\ComputerHardwareStore.Website.csproj", "{D90076CE-F74D-4E18-9453-D49CC2D9BA20}"
EndProject
Global
	GlobalSection(SolutionConfigurationPlatforms) = preSolution
		Debug|Any CPU = Debug|Any CPU
		Release|Any CPU = Release|Any CPU
	EndGlobalSection
	GlobalSection(ProjectConfigurationPlatforms) = postSolution
		{D90076CE-F74D-4E18-9453-D49CC2D9BA20}.Debug|Any CPU.ActiveCfg = Debug|Any CPU
		{D90076CE-F74D-4E18-9453-D49CC2D9BA20}.Debug|Any CPU.Build.0 = Debug|Any CPU
		{D90076CE-F74D-4E18-9453-D49CC2D9BA20}.Release|Any CPU.ActiveCfg = Release|Any CPU
		{D90076CE-F74D-4E18-9453-D49CC2D9BA20}.Release|Any CPU.Build.0 = Release|Any CPU
	EndGlobalSection
	GlobalSection(SolutionProperties) = preSolution
		HideSolutionNode = FALSE
	EndGlobalSection
	GlobalSection(ExtensibilityGlobals) = postSolution
		SolutionGuid = {DD7C7B17-C286-4466-A1ED-11063D78BCCD}
	EndGlobalSection
EndGlobal
